// !$*UTF8*$!
{
	archiveVersion = 1;
	classes = {
	};
	objectVersion = 56;
	objects = {

/* Begin PBXBuildFile section */
		8FEF57C82A507C44003A0D8B /* Project_5_WordScrampleApp.swift in Sources */ = {isa = PBXBuildFile; fileRef = 8FEF57C72A507C44003A0D8B /* Project_5_WordScrampleApp.swift */; };
		8FEF57CA2A507C44003A0D8B /* ContentView.swift in Sources */ = {isa = PBXBuildFile; fileRef = 8FEF57C92A507C44003A0D8B /* ContentView.swift */; };
		8FEF57CC2A507C4B003A0D8B /* Assets.xcassets in Resources */ = {isa = PBXBuildFile; fileRef = 8FEF57CB2A507C4B003A0D8B /* Assets.xcassets */; };
		8FEF57CF2A507C4B003A0D8B /* Preview Assets.xcassets in Resources */ = {isa = PBXBuildFile; fileRef = 8FEF57CE2A507C4B003A0D8B /* Preview Assets.xcassets */; };
		8FEF57D92A507C4B003A0D8B /* Project_5_WordScrampleTests.swift in Sources */ = {isa = PBXBuildFile; fileRef = 8FEF57D82A507C4B003A0D8B /* Project_5_WordScrampleTests.swift */; };
		8FEF57E32A507C4C003A0D8B /* Project_5_WordScrampleUITests.swift in Sources */ = {isa = PBXBuildFile; fileRef = 8FEF57E22A507C4C003A0D8B /* Project_5_WordScrampleUITests.swift */; };
		8FEF57E52A507C4C003A0D8B /* Project_5_WordScrampleUITestsLaunchTests.swift in Sources */ = {isa = PBXBuildFile; fileRef = 8FEF57E42A507C4C003A0D8B /* Project_5_WordScrampleUITestsLaunchTests.swift */; };
		8FEF57F22A50D6AB003A0D8B /* start.txt in Resources */ = {isa = PBXBuildFile; fileRef = 8FEF57F12A50D6AA003A0D8B /* start.txt */; };
/* End PBXBuildFile section */

/* Begin PBXContainerItemProxy section */
		8FEF57D52A507C4B003A0D8B /* PBXContainerItemProxy */ = {
			isa = PBXContainerItemProxy;
			containerPortal = 8FEF57BC2A507C44003A0D8B /* Project object */;
			proxyType = 1;
			remoteGlobalIDString = 8FEF57C32A507C44003A0D8B;
			remoteInfo = Project_5_WordScrample;
		};
		8FEF57DF2A507C4B003A0D8B /* PBXContainerItemProxy */ = {
			isa = PBXContainerItemProxy;
			containerPortal = 8FEF57BC2A507C44003A0D8B /* Project object */;
			proxyType = 1;
			remoteGlobalIDString = 8FEF57C32A507C44003A0D8B;
			remoteInfo = Project_5_WordScrample;
		};
/* End PBXContainerItemProxy section */

/* Begin PBXFileReference section */
		8FEF57C42A507C44003A0D8B /* Project_5_WordScrample.app */ = {isa = PBXFileReference; explicitFileType = wrapper.application; includeInIndex = 0; path = Project_5_WordScrample.app; sourceTree = BUILT_PRODUCTS_DIR; };
		8FEF57C72A507C44003A0D8B /* Project_5_WordScrampleApp.swift */ = {isa = PBXFileReference; lastKnownFileType = sourcecode.swift; path = Project_5_WordScrampleApp.swift; sourceTree = "<group>"; };
		8FEF57C92A507C44003A0D8B /* ContentView.swift */ = {isa = PBXFileReference; lastKnownFileType = sourcecode.swift; path = ContentView.swift; sourceTree = "<group>"; };
		8FEF57CB2A507C4B003A0D8B /* Assets.xcassets */ = {isa = PBXFileReference; lastKnownFileType = folder.assetcatalog; path = Assets.xcassets; sourceTree = "<group>"; };
		8FEF57CE2A507C4B003A0D8B /* Preview Assets.xcassets */ = {isa = PBXFileReference; lastKnownFileType = folder.assetcatalog; path = "Preview Assets.xcassets"; sourceTree = "<group>"; };
		8FEF57D42A507C4B003A0D8B /* Project_5_WordScrampleTests.xctest */ = {isa = PBXFileReference; explicitFileType = wrapper.cfbundle; includeInIndex = 0; path = Project_5_WordScrampleTests.xctest; sourceTree = BUILT_PRODUCTS_DIR; };
		8FEF57D82A507C4B003A0D8B /* Project_5_WordScrampleTests.swift */ = {isa = PBXFileReference; lastKnownFileType = sourcecode.swift; path = Project_5_WordScrampleTests.swift; sourceTree = "<group>"; };
		8FEF57DE2A507C4B003A0D8B /* Project_5_WordScrampleUITests.xctest */ = {isa = PBXFileReference; explicitFileType = wrapper.cfbundle; includeInIndex = 0; path = Project_5_WordScrampleUITests.xctest; sourceTree = BUILT_PRODUCTS_DIR; };
		8FEF57E22A507C4C003A0D8B /* Project_5_WordScrampleUITests.swift */ = {isa = PBXFileReference; lastKnownFileType = sourcecode.swift; path = Project_5_WordScrampleUITests.swift; sourceTree = "<group>"; };
		8FEF57E42A507C4C003A0D8B /* Project_5_WordScrampleUITestsLaunchTests.swift */ = {isa = PBXFileReference; lastKnownFileType = sourcecode.swift; path = Project_5_WordScrampleUITestsLaunchTests.swift; sourceTree = "<group>"; };
		8FEF57F12A50D6AA003A0D8B /* start.txt */ = {isa = PBXFileReference; fileEncoding = 4; lastKnownFileType = text; path = start.txt; sourceTree = "<group>"; };
/* End PBXFileReference section */

/* Begin PBXFrameworksBuildPhase section */
		8FEF57C12A507C44003A0D8B /* Frameworks */ = {
			isa = PBXFrameworksBuildPhase;
			buildActionMask = 2147483647;
			files = (
			);
			runOnlyForDeploymentPostprocessing = 0;
		};
		8FEF57D12A507C4B003A0D8B /* Frameworks */ = {
			isa = PBXFrameworksBuildPhase;
			buildActionMask = 2147483647;
			files = (
			);
			runOnlyForDeploymentPostprocessing = 0;
		};
		8FEF57DB2A507C4B003A0D8B /* Frameworks */ = {
			isa = PBXFrameworksBuildPhase;
			buildActionMask = 2147483647;
			files = (
			);
			runOnlyForDeploymentPostprocessing = 0;
		};
/* End PBXFrameworksBuildPhase section */

/* Begin PBXGroup section */
		8FEF57BB2A507C44003A0D8B = {
			isa = PBXGroup;
			children = (
				8FEF57C62A507C44003A0D8B /* Project_5_WordScrample */,
				8FEF57D72A507C4B003A0D8B /* Project_5_WordScrampleTests */,
				8FEF57E12A507C4C003A0D8B /* Project_5_WordScrampleUITests */,
				8FEF57C52A507C44003A0D8B /* Products */,
			);
			sourceTree = "<group>";
		};
		8FEF57C52A507C44003A0D8B /* Products */ = {
			isa = PBXGroup;
			children = (
				8FEF57C42A507C44003A0D8B /* Project_5_WordScrample.app */,
				8FEF57D42A507C4B003A0D8B /* Project_5_WordScrampleTests.xctest */,
				8FEF57DE2A507C4B003A0D8B /* Project_5_WordScrampleUITests.xctest */,
			);
			name = Products;
			sourceTree = "<group>";
		};
		8FEF57C62A507C44003A0D8B /* Project_5_WordScrample */ = {
			isa = PBXGroup;
			children = (
				8FEF57C72A507C44003A0D8B /* Project_5_WordScrampleApp.swift */,
				8FEF57C92A507C44003A0D8B /* ContentView.swift */,
				8FEF57CB2A507C4B003A0D8B /* Assets.xcassets */,
				8FEF57F12A50D6AA003A0D8B /* start.txt */,
				8FEF57CD2A507C4B003A0D8B /* Preview Content */,
			);
			path = Project_5_WordScrample;
			sourceTree = "<group>";
		};
		8FEF57CD2A507C4B003A0D8B /* Preview Content */ = {
			isa = PBXGroup;
			children = (
				8FEF57CE2A507C4B003A0D8B /* Preview Assets.xcassets */,
			);
			path = "Preview Content";
			sourceTree = "<group>";
		};
		8FEF57D72A507C4B003A0D8B /* Project_5_WordScrampleTests */ = {
			isa = PBXGroup;
			children = (
				8FEF57D82A507C4B003A0D8B /* Project_5_WordScrampleTests.swift */,
			);
			path = Project_5_WordScrampleTests;
			sourceTree = "<group>";
		};
		8FEF57E12A507C4C003A0D8B /* Project_5_WordScrampleUITests */ = {
			isa = PBXGroup;
			children = (
				8FEF57E22A507C4C003A0D8B /* Project_5_WordScrampleUITests.swift */,
				8FEF57E42A507C4C003A0D8B /* Project_5_WordScrampleUITestsLaunchTests.swift */,
			);
			path = Project_5_WordScrampleUITests;
			sourceTree = "<group>";
		};
/* End PBXGroup section */

/* Begin PBXNativeTarget section */
		8FEF57C32A507C44003A0D8B /* Project_5_WordScrample */ = {
			isa = PBXNativeTarget;
			buildConfigurationList = 8FEF57E82A507C4C003A0D8B /* Build configuration list for PBXNativeTarget "Project_5_WordScrample" */;
			buildPhases = (
				8FEF57C02A507C44003A0D8B /* Sources */,
				8FEF57C12A507C44003A0D8B /* Frameworks */,
				8FEF57C22A507C44003A0D8B /* Resources */,
			);
			buildRules = (
			);
			dependencies = (
			);
			name = Project_5_WordScrample;
			productName = Project_5_WordScrample;
			productReference = 8FEF57C42A507C44003A0D8B /* Project_5_WordScrample.app */;
			productType = "com.apple.product-type.application";
		};
		8FEF57D32A507C4B003A0D8B /* Project_5_WordScrampleTests */ = {
			isa = PBXNativeTarget;
			buildConfigurationList = 8FEF57EB2A507C4C003A0D8B /* Build configuration list for PBXNativeTarget "Project_5_WordScrampleTests" */;
			buildPhases = (
				8FEF57D02A507C4B003A0D8B /* Sources */,
				8FEF57D12A507C4B003A0D8B /* Frameworks */,
				8FEF57D22A507C4B003A0D8B /* Resources */,
			);
			buildRules = (
			);
			dependencies = (
				8FEF57D62A507C4B003A0D8B /* PBXTargetDependency */,
			);
			name = Project_5_WordScrampleTests;
			productName = Project_5_WordScrampleTests;
			productReference = 8FEF57D42A507C4B003A0D8B /* Project_5_WordScrampleTests.xctest */;
			productType = "com.apple.product-type.bundle.unit-test";
		};
		8FEF57DD2A507C4B003A0D8B /* Project_5_WordScrampleUITests */ = {
			isa = PBXNativeTarget;
			buildConfigurationList = 8FEF57EE2A507C4C003A0D8B /* Build configuration list for PBXNativeTarget "Project_5_WordScrampleUITests" */;
			buildPhases = (
				8FEF57DA2A507C4B003A0D8B /* Sources */,
				8FEF57DB2A507C4B003A0D8B /* Frameworks */,
				8FEF57DC2A507C4B003A0D8B /* Resources */,
			);
			buildRules = (
			);
			dependencies = (
				8FEF57E02A507C4B003A0D8B /* PBXTargetDependency */,
			);
			name = Project_5_WordScrampleUITests;
			productName = Project_5_WordScrampleUITests;
			productReference = 8FEF57DE2A507C4B003A0D8B /* Project_5_WordScrampleUITests.xctest */;
			productType = "com.apple.product-type.bundle.ui-testing";
		};
/* End PBXNativeTarget section */

/* Begin PBXProject section */
		8FEF57BC2A507C44003A0D8B /* Project object */ = {
			isa = PBXProject;
			attributes = {
				BuildIndependentTargetsInParallel = 1;
				LastSwiftUpdateCheck = 1430;
				LastUpgradeCheck = 1430;
				TargetAttributes = {
					8FEF57C32A507C44003A0D8B = {
						CreatedOnToolsVersion = 14.3.1;
					};
					8FEF57D32A507C4B003A0D8B = {
						CreatedOnToolsVersion = 14.3.1;
						TestTargetID = 8FEF57C32A507C44003A0D8B;
					};
					8FEF57DD2A507C4B003A0D8B = {
						CreatedOnToolsVersion = 14.3.1;
						TestTargetID = 8FEF57C32A507C44003A0D8B;
					};
				};
			};
			buildConfigurationList = 8FEF57BF2A507C44003A0D8B /* Build configuration list for PBXProject "Project_5_WordScrample" */;
			compatibilityVersion = "Xcode 14.0";
			developmentRegion = en;
			hasScannedForEncodings = 0;
			knownRegions = (
				en,
				Base,
			);
			mainGroup = 8FEF57BB2A507C44003A0D8B;
			productRefGroup = 8FEF57C52A507C44003A0D8B /* Products */;
			projectDirPath = "";
			projectRoot = "";
			targets = (
				8FEF57C32A507C44003A0D8B /* Project_5_WordScrample */,
				8FEF57D32A507C4B003A0D8B /* Project_5_WordScrampleTests */,
				8FEF57DD2A507C4B003A0D8B /* Project_5_WordScrampleUITests */,
			);
		};
/* End PBXProject section */

/* Begin PBXResourcesBuildPhase section */
		8FEF57C22A507C44003A0D8B /* Resources */ = {
			isa = PBXResourcesBuildPhase;
			buildActionMask = 2147483647;
			files = (
				8FEF57CF2A507C4B003A0D8B /* Preview Assets.xcassets in Resources */,
				8FEF57F22A50D6AB003A0D8B /* start.txt in Resources */,
				8FEF57CC2A507C4B003A0D8B /* Assets.xcassets in Resources */,
			);
			runOnlyForDeploymentPostprocessing = 0;
		};
		8FEF57D22A507C4B003A0D8B /* Resources */ = {
			isa = PBXResourcesBuildPhase;
			buildActionMask = 2147483647;
			files = (
			);
			runOnlyForDeploymentPostprocessing = 0;
		};
		8FEF57DC2A507C4B003A0D8B /* Resources */ = {
			isa = PBXResourcesBuildPhase;
			buildActionMask = 2147483647;
			files = (
			);
			runOnlyForDeploymentPostprocessing = 0;
		};
/* End PBXResourcesBuildPhase section */

/* Begin PBXSourcesBuildPhase section */
		8FEF57C02A507C44003A0D8B /* Sources */ = {
			isa = PBXSourcesBuildPhase;
			buildActionMask = 2147483647;
			files = (
				8FEF57CA2A507C44003A0D8B /* ContentView.swift in Sources */,
				8FEF57C82A507C44003A0D8B /* Project_5_WordScrampleApp.swift in Sources */,
			);
			runOnlyForDeploymentPostprocessing = 0;
		};
		8FEF57D02A507C4B003A0D8B /* Sources */ = {
			isa = PBXSourcesBuildPhase;
			buildActionMask = 2147483647;
			files = (
				8FEF57D92A507C4B003A0D8B /* Project_5_WordScrampleTests.swift in Sources */,
			);
			runOnlyForDeploymentPostprocessing = 0;
		};
		8FEF57DA2A507C4B003A0D8B /* Sources */ = {
			isa = PBXSourcesBuildPhase;
			buildActionMask = 2147483647;
			files = (
				8FEF57E32A507C4C003A0D8B /* Project_5_WordScrampleUITests.swift in Sources */,
				8FEF57E52A507C4C003A0D8B /* Project_5_WordScrampleUITestsLaunchTests.swift in Sources */,
			);
			runOnlyForDeploymentPostprocessing = 0;
		};
/* End PBXSourcesBuildPhase section */

/* Begin PBXTargetDependency section */
		8FEF57D62A507C4B003A0D8B /* PBXTargetDependency */ = {
			isa = PBXTargetDependency;
			target = 8FEF57C32A507C44003A0D8B /* Project_5_WordScrample */;
			targetProxy = 8FEF57D52A507C4B003A0D8B /* PBXContainerItemProxy */;
		};
		8FEF57E02A507C4B003A0D8B /* PBXTargetDependency */ = {
			isa = PBXTargetDependency;
			target = 8FEF57C32A507C44003A0D8B /* Project_5_WordScrample */;
			targetProxy = 8FEF57DF2A507C4B003A0D8B /* PBXContainerItemProxy */;
		};
/* End PBXTargetDependency section */

/* Begin XCBuildConfiguration section */
		8FEF57E62A507C4C003A0D8B /* Debug */ = {
			isa = XCBuildConfiguration;
			buildSettings = {
				ALWAYS_SEARCH_USER_PATHS = NO;
				CLANG_ANALYZER_NONNULL = YES;
				CLANG_ANALYZER_NUMBER_OBJECT_CONVERSION = YES_AGGRESSIVE;
				CLANG_CXX_LANGUAGE_STANDARD = "gnu++20";
				CLANG_ENABLE_MODULES = YES;
				CLANG_ENABLE_OBJC_ARC = YES;
				CLANG_ENABLE_OBJC_WEAK = YES;
				CLANG_WARN_BLOCK_CAPTURE_AUTORELEASING = YES;
				CLANG_WARN_BOOL_CONVERSION = YES;
				CLANG_WARN_COMMA = YES;
				CLANG_WARN_CONSTANT_CONVERSION = YES;
				CLANG_WARN_DEPRECATED_OBJC_IMPLEMENTATIONS = YES;
				CLANG_WARN_DIRECT_OBJC_ISA_USAGE = YES_ERROR;
				CLANG_WARN_DOCUMENTATION_COMMENTS = YES;
				CLANG_WARN_EMPTY_BODY = YES;
				CLANG_WARN_ENUM_CONVERSION = YES;
				CLANG_WARN_INFINITE_RECURSION = YES;
				CLANG_WARN_INT_CONVERSION = YES;
				CLANG_WARN_NON_LITERAL_NULL_CONVERSION = YES;
				CLANG_WARN_OBJC_IMPLICIT_RETAIN_SELF = YES;
				CLANG_WARN_OBJC_LITERAL_CONVERSION = YES;
				CLANG_WARN_OBJC_ROOT_CLASS = YES_ERROR;
				CLANG_WARN_QUOTED_INCLUDE_IN_FRAMEWORK_HEADER = YES;
				CLANG_WARN_RANGE_LOOP_ANALYSIS = YES;
				CLANG_WARN_STRICT_PROTOTYPES = YES;
				CLANG_WARN_SUSPICIOUS_MOVE = YES;
				CLANG_WARN_UNGUARDED_AVAILABILITY = YES_AGGRESSIVE;
				CLANG_WARN_UNREACHABLE_CODE = YES;
				CLANG_WARN__DUPLICATE_METHOD_MATCH = YES;
				COPY_PHASE_STRIP = NO;
				DEBUG_INFORMATION_FORMAT = dwarf;
				ENABLE_STRICT_OBJC_MSGSEND = YES;
				ENABLE_TESTABILITY = YES;
				GCC_C_LANGUAGE_STANDARD = gnu11;
				GCC_DYNAMIC_NO_PIC = NO;
				GCC_NO_COMMON_BLOCKS = YES;
				GCC_OPTIMIZATION_LEVEL = 0;
				GCC_PREPROCESSOR_DEFINITIONS = (
					"DEBUG=1",
					"$(inherited)",
				);
				GCC_WARN_64_TO_32_BIT_CONVERSION = YES;
				GCC_WARN_ABOUT_RETURN_TYPE = YES_ERROR;
				GCC_WARN_UNDECLARED_SELECTOR = YES;
				GCC_WARN_UNINITIALIZED_AUTOS = YES_AGGRESSIVE;
				GCC_WARN_UNUSED_FUNCTION = YES;
				GCC_WARN_UNUSED_VARIABLE = YES;
				IPHONEOS_DEPLOYMENT_TARGET = 16.4;
				MTL_ENABLE_DEBUG_INFO = INCLUDE_SOURCE;
				MTL_FAST_MATH = YES;
				ONLY_ACTIVE_ARCH = YES;
				SDKROOT = iphoneos;
				SWIFT_ACTIVE_COMPILATION_CONDITIONS = DEBUG;
				SWIFT_OPTIMIZATION_LEVEL = "-Onone";
			};
			name = Debug;
		};
		8FEF57E72A507C4C003A0D8B /* Release */ = {
			isa = XCBuildConfiguration;
			buildSettings = {
				ALWAYS_SEARCH_USER_PATHS = NO;
				CLANG_ANALYZER_NONNULL = YES;
				CLANG_ANALYZER_NUMBER_OBJECT_CONVERSION = YES_AGGRESSIVE;
				CLANG_CXX_LANGUAGE_STANDARD = "gnu++20";
				CLANG_ENABLE_MODULES = YES;
				CLANG_ENABLE_OBJC_ARC = YES;
				CLANG_ENABLE_OBJC_WEAK = YES;
				CLANG_WARN_BLOCK_CAPTURE_AUTORELEASING = YES;
				CLANG_WARN_BOOL_CONVERSION = YES;
				CLANG_WARN_COMMA = YES;
				CLANG_WARN_CONSTANT_CONVERSION = YES;
				CLANG_WARN_DEPRECATED_OBJC_IMPLEMENTATIONS = YES;
				CLANG_WARN_DIRECT_OBJC_ISA_USAGE = YES_ERROR;
				CLANG_WARN_DOCUMENTATION_COMMENTS = YES;
				CLANG_WARN_EMPTY_BODY = YES;
				CLANG_WARN_ENUM_CONVERSION = YES;
				CLANG_WARN_INFINITE_RECURSION = YES;
				CLANG_WARN_INT_CONVERSION = YES;
				CLANG_WARN_NON_LITERAL_NULL_CONVERSION = YES;
				CLANG_WARN_OBJC_IMPLICIT_RETAIN_SELF = YES;
				CLANG_WARN_OBJC_LITERAL_CONVERSION = YES;
				CLANG_WARN_OBJC_ROOT_CLASS = YES_ERROR;
				CLANG_WARN_QUOTED_INCLUDE_IN_FRAMEWORK_HEADER = YES;
				CLANG_WARN_RANGE_LOOP_ANALYSIS = YES;
				CLANG_WARN_STRICT_PROTOTYPES = YES;
				CLANG_WARN_SUSPICIOUS_MOVE = YES;
				CLANG_WARN_UNGUARDED_AVAILABILITY = YES_AGGRESSIVE;
				CLANG_WARN_UNREACHABLE_CODE = YES;
				CLANG_WARN__DUPLICATE_METHOD_MATCH = YES;
				COPY_PHASE_STRIP = NO;
				DEBUG_INFORMATION_FORMAT = "dwarf-with-dsym";
				ENABLE_NS_ASSERTIONS = NO;
				ENABLE_STRICT_OBJC_MSGSEND = YES;
				GCC_C_LANGUAGE_STANDARD = gnu11;
				GCC_NO_COMMON_BLOCKS = YES;
				GCC_WARN_64_TO_32_BIT_CONVERSION = YES;
				GCC_WARN_ABOUT_RETURN_TYPE = YES_ERROR;
				GCC_WARN_UNDECLARED_SELECTOR = YES;
				GCC_WARN_UNINITIALIZED_AUTOS = YES_AGGRESSIVE;
				GCC_WARN_UNUSED_FUNCTION = YES;
				GCC_WARN_UNUSED_VARIABLE = YES;
				IPHONEOS_DEPLOYMENT_TARGET = 16.4;
				MTL_ENABLE_DEBUG_INFO = NO;
				MTL_FAST_MATH = YES;
				SDKROOT = iphoneos;
				SWIFT_COMPILATION_MODE = wholemodule;
				SWIFT_OPTIMIZATION_LEVEL = "-O";
				VALIDATE_PRODUCT = YES;
			};
			name = Release;
		};
		8FEF57E92A507C4C003A0D8B /* Debug */ = {
			isa = XCBuildConfiguration;
			buildSettings = {
				ASSETCATALOG_COMPILER_APPICON_NAME = AppIcon;
				ASSETCATALOG_COMPILER_GLOBAL_ACCENT_COLOR_NAME = AccentColor;
				CODE_SIGN_STYLE = Automatic;
				CURRENT_PROJECT_VERSION = 1;
				DEVELOPMENT_ASSET_PATHS = "\"Project_5_WordScrample/Preview Content\"";
				DEVELOPMENT_TEAM = XXYDXS78MN;
				ENABLE_PREVIEWS = YES;
				GENERATE_INFOPLIST_FILE = YES;
				INFOPLIST_KEY_UIApplicationSceneManifest_Generation = YES;
				INFOPLIST_KEY_UIApplicationSupportsIndirectInputEvents = YES;
				INFOPLIST_KEY_UILaunchScreen_Generation = YES;
				INFOPLIST_KEY_UISupportedInterfaceOrientations_iPad = "UIInterfaceOrientationPortrait UIInterfaceOrientationPortraitUpsideDown UIInterfaceOrientationLandscapeLeft UIInterfaceOrientationLandscapeRight";
				INFOPLIST_KEY_UISupportedInterfaceOrientations_iPhone = "UIInterfaceOrientationPortrait UIInterfaceOrientationLandscapeLeft UIInterfaceOrientationLandscapeRight";
				LD_RUNPATH_SEARCH_PATHS = (
					"$(inherited)",
					"@executable_path/Frameworks",
				);
				MARKETING_VERSION = 1.0;
				PRODUCT_BUNDLE_IDENTIFIER = "abaubaid.Project-5-WordScrample";
				PRODUCT_NAME = "$(TARGET_NAME)";
				SWIFT_EMIT_LOC_STRINGS = YES;
				SWIFT_VERSION = 5.0;
				TARGETED_DEVICE_FAMILY = "1,2";
			};
			name = Debug;
		};
		8FEF57EA2A507C4C003A0D8B /* Release */ = {
			isa = XCBuildConfiguration;
			buildSettings = {
				ASSETCATALOG_COMPILER_APPICON_NAME = AppIcon;
				ASSETCATALOG_COMPILER_GLOBAL_ACCENT_COLOR_NAME = AccentColor;
				CODE_SIGN_STYLE = Automatic;
				CURRENT_PROJECT_VERSION = 1;
				DEVELOPMENT_ASSET_PATHS = "\"Project_5_WordScrample/Preview Content\"";
				DEVELOPMENT_TEAM = XXYDXS78MN;
				ENABLE_PREVIEWS = YES;
				GENERATE_INFOPLIST_FILE = YES;
				INFOPLIST_KEY_UIApplicationSceneManifest_Generation = YES;
				INFOPLIST_KEY_UIApplicationSupportsIndirectInputEvents = YES;
				INFOPLIST_KEY_UILaunchScreen_Generation = YES;
				INFOPLIST_KEY_UISupportedInterfaceOrientations_iPad = "UIInterfaceOrientationPortrait UIInterfaceOrientationPortraitUpsideDown UIInterfaceOrientationLandscapeLeft UIInterfaceOrientationLandscapeRight";
				INFOPLIST_KEY_UISupportedInterfaceOrientations_iPhone = "UIInterfaceOrientationPortrait UIInterfaceOrientationLandscapeLeft UIInterfaceOrientationLandscapeRight";
				LD_RUNPATH_SEARCH_PATHS = (
					"$(inherited)",
					"@executable_path/Frameworks",
				);
				MARKETING_VERSION = 1.0;
				PRODUCT_BUNDLE_IDENTIFIER = "abaubaid.Project-5-WordScrample";
				PRODUCT_NAME = "$(TARGET_NAME)";
				SWIFT_EMIT_LOC_STRINGS = YES;
				SWIFT_VERSION = 5.0;
				TARGETED_DEVICE_FAMILY = "1,2";
			};
			name = Release;
		};
		8FEF57EC2A507C4C003A0D8B /* Debug */ = {
			isa = XCBuildConfiguration;
			buildSettings = {
				ALWAYS_EMBED_SWIFT_STANDARD_LIBRARIES = YES;
				BUNDLE_LOADER = "$(TEST_HOST)";
				CODE_SIGN_STYLE = Automatic;
				CURRENT_PROJECT_VERSION = 1;
				DEVELOPMENT_TEAM = XXYDXS78MN;
				GENERATE_INFOPLIST_FILE = YES;
				IPHONEOS_DEPLOYMENT_TARGET = 16.4;
				MARKETING_VERSION = 1.0;
				PRODUCT_BUNDLE_IDENTIFIER = "abaubaid.Project-5-WordScrampleTests";
				PRODUCT_NAME = "$(TARGET_NAME)";
				SWIFT_EMIT_LOC_STRINGS = NO;
				SWIFT_VERSION = 5.0;
				TARGETED_DEVICE_FAMILY = "1,2";
				TEST_HOST = "$(BUILT_PRODUCTS_DIR)/Project_5_WordScrample.app/$(BUNDLE_EXECUTABLE_FOLDER_PATH)/Project_5_WordScrample";
			};
			name = Debug;
		};
		8FEF57ED2A507C4C003A0D8B /* Release */ = {
			isa = XCBuildConfiguration;
			buildSettings = {
				ALWAYS_EMBED_SWIFT_STANDARD_LIBRARIES = YES;
				BUNDLE_LOADER = "$(TEST_HOST)";
				CODE_SIGN_STYLE = Automatic;
				CURRENT_PROJECT_VERSION = 1;
				DEVELOPMENT_TEAM = XXYDXS78MN;
				GENERATE_INFOPLIST_FILE = YES;
				IPHONEOS_DEPLOYMENT_TARGET = 16.4;
				MARKETING_VERSION = 1.0;
				PRODUCT_BUNDLE_IDENTIFIER = "abaubaid.Project-5-WordScrampleTests";
				PRODUCT_NAME = "$(TARGET_NAME)";
				SWIFT_EMIT_LOC_STRINGS = NO;
				SWIFT_VERSION = 5.0;
				TARGETED_DEVICE_FAMILY = "1,2";
				TEST_HOST = "$(BUILT_PRODUCTS_DIR)/Project_5_WordScrample.app/$(BUNDLE_EXECUTABLE_FOLDER_PATH)/Project_5_WordScrample";
			};
			name = Release;
		};
		8FEF57EF2A507C4C003A0D8B /* Debug */ = {
			isa = XCBuildConfiguration;
			buildSettings = {
				ALWAYS_EMBED_SWIFT_STANDARD_LIBRARIES = YES;
				CODE_SIGN_STYLE = Automatic;
				CURRENT_PROJECT_VERSION = 1;
				DEVELOPMENT_TEAM = XXYDXS78MN;
				GENERATE_INFOPLIST_FILE = YES;
				MARKETING_VERSION = 1.0;
				PRODUCT_BUNDLE_IDENTIFIER = "abaubaid.Project-5-WordScrampleUITests";
				PRODUCT_NAME = "$(TARGET_NAME)";
				SWIFT_EMIT_LOC_STRINGS = NO;
				SWIFT_VERSION = 5.0;
				TARGETED_DEVICE_FAMILY = "1,2";
				TEST_TARGET_NAME = Project_5_WordScrample;
			};
			name = Debug;
		};
		8FEF57F02A507C4C003A0D8B /* Release */ = {
			isa = XCBuildConfiguration;
			buildSettings = {
				ALWAYS_EMBED_SWIFT_STANDARD_LIBRARIES = YES;
				CODE_SIGN_STYLE = Automatic;
				CURRENT_PROJECT_VERSION = 1;
				DEVELOPMENT_TEAM = XXYDXS78MN;
				GENERATE_INFOPLIST_FILE = YES;
				MARKETING_VERSION = 1.0;
				PRODUCT_BUNDLE_IDENTIFIER = "abaubaid.Project-5-WordScrampleUITests";
				PRODUCT_NAME = "$(TARGET_NAME)";
				SWIFT_EMIT_LOC_STRINGS = NO;
				SWIFT_VERSION = 5.0;
				TARGETED_DEVICE_FAMILY = "1,2";
				TEST_TARGET_NAME = Project_5_WordScrample;
			};
			name = Release;
		};
/* End XCBuildConfiguration section */

/* Begin XCConfigurationList section */
		8FEF57BF2A507C44003A0D8B /* Build configuration list for PBXProject "Project_5_WordScrample" */ = {
			isa = XCConfigurationList;
			buildConfigurations = (
				8FEF57E62A507C4C003A0D8B /* Debug */,
				8FEF57E72A507C4C003A0D8B /* Release */,
			);
			defaultConfigurationIsVisible = 0;
			defaultConfigurationName = Release;
		};
		8FEF57E82A507C4C003A0D8B /* Build configuration list for PBXNativeTarget "Project_5_WordScrample" */ = {
			isa = XCConfigurationList;
			buildConfigurations = (
				8FEF57E92A507C4C003A0D8B /* Debug */,
				8FEF57EA2A507C4C003A0D8B /* Release */,
			);
			defaultConfigurationIsVisible = 0;
			defaultConfigurationName = Release;
		};
		8FEF57EB2A507C4C003A0D8B /* Build configuration list for PBXNativeTarget "Project_5_WordScrampleTests" */ = {
			isa = XCConfigurationList;
			buildConfigurations = (
				8FEF57EC2A507C4C003A0D8B /* Debug */,
				8FEF57ED2A507C4C003A0D8B /* Release */,
			);
			defaultConfigurationIsVisible = 0;
			defaultConfigurationName = Release;
		};
		8FEF57EE2A507C4C003A0D8B /* Build configuration list for PBXNativeTarget "Project_5_WordScrampleUITests" */ = {
			isa = XCConfigurationList;
			buildConfigurations = (
				8FEF57EF2A507C4C003A0D8B /* Debug */,
				8FEF57F02A507C4C003A0D8B /* Release */,
			);
			defaultConfigurationIsVisible = 0;
			defaultConfigurationName = Release;
		};
/* End XCConfigurationList section */
	};
	rootObject = 8FEF57BC2A507C44003A0D8B /* Project object */;
}
